// !$*UTF8*$!
{
	archiveVersion = 1;
	classes = {
	};
	objectVersion = 50;
	objects = {

/* Begin PBXBuildFile section */
		9394E4102563056F00CB8328 /* FilteredList.swift in Sources */ = {isa = PBXBuildFile; fileRef = 9394E40F2563056F00CB8328 /* FilteredList.swift */; };
		9394E4152566F70700CB8328 /* CompletionsView.swift in Sources */ = {isa = PBXBuildFile; fileRef = 9394E4142566F70700CB8328 /* CompletionsView.swift */; };
		9394E43C256D91AE00CB8328 /* EditView.swift in Sources */ = {isa = PBXBuildFile; fileRef = 9394E43B256D91AE00CB8328 /* EditView.swift */; };
		9394E441256ED26400CB8328 /* TaskViewData.swift in Sources */ = {isa = PBXBuildFile; fileRef = 9394E440256ED26400CB8328 /* TaskViewData.swift */; };
		9397DF90255718A50051BE06 /* WaterThePlantsApp.swift in Sources */ = {isa = PBXBuildFile; fileRef = 9397DF8F255718A50051BE06 /* WaterThePlantsApp.swift */; };
		9397DF92255718A50051BE06 /* ContentView.swift in Sources */ = {isa = PBXBuildFile; fileRef = 9397DF91255718A50051BE06 /* ContentView.swift */; };
		9397DF94255718A80051BE06 /* Assets.xcassets in Resources */ = {isa = PBXBuildFile; fileRef = 9397DF93255718A80051BE06 /* Assets.xcassets */; };
		9397DF97255718A80051BE06 /* Preview Assets.xcassets in Resources */ = {isa = PBXBuildFile; fileRef = 9397DF96255718A80051BE06 /* Preview Assets.xcassets */; };
		9397DF99255718A80051BE06 /* Persistence.swift in Sources */ = {isa = PBXBuildFile; fileRef = 9397DF98255718A80051BE06 /* Persistence.swift */; };
		9397DF9C255718A80051BE06 /* WaterThePlants.xcdatamodeld in Sources */ = {isa = PBXBuildFile; fileRef = 9397DF9A255718A80051BE06 /* WaterThePlants.xcdatamodeld */; };
		9397DFA7255718A80051BE06 /* WaterThePlantsTests.swift in Sources */ = {isa = PBXBuildFile; fileRef = 9397DFA6255718A80051BE06 /* WaterThePlantsTests.swift */; };
		9397DFB2255718A80051BE06 /* WaterThePlantsUITests.swift in Sources */ = {isa = PBXBuildFile; fileRef = 9397DFB1255718A80051BE06 /* WaterThePlantsUITests.swift */; };
		9397DFCA25571E170051BE06 /* Task+CoreDataClass.swift in Sources */ = {isa = PBXBuildFile; fileRef = 9397DFC825571E170051BE06 /* Task+CoreDataClass.swift */; };
		9397DFCB25571E170051BE06 /* Task+CoreDataProperties.swift in Sources */ = {isa = PBXBuildFile; fileRef = 9397DFC925571E170051BE06 /* Task+CoreDataProperties.swift */; };
		9397DFDB25571EF90051BE06 /* TaskStatus.swift in Sources */ = {isa = PBXBuildFile; fileRef = 9397DFDA25571EF90051BE06 /* TaskStatus.swift */; };
		9397DFE325571F350051BE06 /* RepetitionStatus.swift in Sources */ = {isa = PBXBuildFile; fileRef = 9397DFE225571F350051BE06 /* RepetitionStatus.swift */; };
		9397DFE825571FC60051BE06 /* TimeInterval.swift in Sources */ = {isa = PBXBuildFile; fileRef = 9397DFE725571FC60051BE06 /* TimeInterval.swift */; };
		9397DFED25571FE40051BE06 /* Date.swift in Sources */ = {isa = PBXBuildFile; fileRef = 9397DFEC25571FE40051BE06 /* Date.swift */; };
		9397DFF22557285D0051BE06 /* DueType.swift in Sources */ = {isa = PBXBuildFile; fileRef = 9397DFF12557285D0051BE06 /* DueType.swift */; };
		9397DFF7255728770051BE06 /* TimePart.swift in Sources */ = {isa = PBXBuildFile; fileRef = 9397DFF6255728770051BE06 /* TimePart.swift */; };
		9397E00A2557FFC30051BE06 /* TaskError.swift in Sources */ = {isa = PBXBuildFile; fileRef = 9397E0092557FFC30051BE06 /* TaskError.swift */; };
		9397E01425580E950051BE06 /* CloudKit.framework in Frameworks */ = {isa = PBXBuildFile; fileRef = 9397E01325580E950051BE06 /* CloudKit.framework */; };
		9397E01F255861720051BE06 /* ProgressBar.swift in Sources */ = {isa = PBXBuildFile; fileRef = 9397E01E255861720051BE06 /* ProgressBar.swift */; };
		9397E024255861E80051BE06 /* ProgressView.swift in Sources */ = {isa = PBXBuildFile; fileRef = 9397E023255861E80051BE06 /* ProgressView.swift */; };
		9397E02C255862500051BE06 /* TaskControls.swift in Sources */ = {isa = PBXBuildFile; fileRef = 9397E02B255862500051BE06 /* TaskControls.swift */; };
		9397E031255869E20051BE06 /* ProgressText.swift in Sources */ = {isa = PBXBuildFile; fileRef = 9397E030255869E20051BE06 /* ProgressText.swift */; };
		939F50C8257AAF4F001B31AB /* FilteredGrid.swift in Sources */ = {isa = PBXBuildFile; fileRef = 939F50C7257AAF4F001B31AB /* FilteredGrid.swift */; };
		939F50CD257AC26B001B31AB /* DayView.swift in Sources */ = {isa = PBXBuildFile; fileRef = 939F50CC257AC26B001B31AB /* DayView.swift */; };
/* End PBXBuildFile section */

/* Begin PBXContainerItemProxy section */
		9397DFA3255718A80051BE06 /* PBXContainerItemProxy */ = {
			isa = PBXContainerItemProxy;
			containerPortal = 9397DF84255718A50051BE06 /* Project object */;
			proxyType = 1;
			remoteGlobalIDString = 9397DF8B255718A50051BE06;
			remoteInfo = WaterThePlants;
		};
		9397DFAE255718A80051BE06 /* PBXContainerItemProxy */ = {
			isa = PBXContainerItemProxy;
			containerPortal = 9397DF84255718A50051BE06 /* Project object */;
			proxyType = 1;
			remoteGlobalIDString = 9397DF8B255718A50051BE06;
			remoteInfo = WaterThePlants;
		};
/* End PBXContainerItemProxy section */

/* Begin PBXFileReference section */
		9394E40F2563056F00CB8328 /* FilteredList.swift */ = {isa = PBXFileReference; lastKnownFileType = sourcecode.swift; path = FilteredList.swift; sourceTree = "<group>"; };
		9394E4142566F70700CB8328 /* CompletionsView.swift */ = {isa = PBXFileReference; lastKnownFileType = sourcecode.swift; path = CompletionsView.swift; sourceTree = "<group>"; };
		9394E43B256D91AE00CB8328 /* EditView.swift */ = {isa = PBXFileReference; lastKnownFileType = sourcecode.swift; path = EditView.swift; sourceTree = "<group>"; };
		9394E440256ED26400CB8328 /* TaskViewData.swift */ = {isa = PBXFileReference; lastKnownFileType = sourcecode.swift; path = TaskViewData.swift; sourceTree = "<group>"; };
		9397DF8C255718A50051BE06 /* WaterThePlants.app */ = {isa = PBXFileReference; explicitFileType = wrapper.application; includeInIndex = 0; path = WaterThePlants.app; sourceTree = BUILT_PRODUCTS_DIR; };
		9397DF8F255718A50051BE06 /* WaterThePlantsApp.swift */ = {isa = PBXFileReference; lastKnownFileType = sourcecode.swift; path = WaterThePlantsApp.swift; sourceTree = "<group>"; };
		9397DF91255718A50051BE06 /* ContentView.swift */ = {isa = PBXFileReference; lastKnownFileType = sourcecode.swift; path = ContentView.swift; sourceTree = "<group>"; };
		9397DF93255718A80051BE06 /* Assets.xcassets */ = {isa = PBXFileReference; lastKnownFileType = folder.assetcatalog; path = Assets.xcassets; sourceTree = "<group>"; };
		9397DF96255718A80051BE06 /* Preview Assets.xcassets */ = {isa = PBXFileReference; lastKnownFileType = folder.assetcatalog; path = "Preview Assets.xcassets"; sourceTree = "<group>"; };
		9397DF98255718A80051BE06 /* Persistence.swift */ = {isa = PBXFileReference; lastKnownFileType = sourcecode.swift; path = Persistence.swift; sourceTree = "<group>"; };
		9397DF9B255718A80051BE06 /* WaterThePlants.xcdatamodel */ = {isa = PBXFileReference; lastKnownFileType = wrapper.xcdatamodel; path = WaterThePlants.xcdatamodel; sourceTree = "<group>"; };
		9397DF9D255718A80051BE06 /* Info.plist */ = {isa = PBXFileReference; lastKnownFileType = text.plist.xml; path = Info.plist; sourceTree = "<group>"; };
		9397DFA2255718A80051BE06 /* WaterThePlantsTests.xctest */ = {isa = PBXFileReference; explicitFileType = wrapper.cfbundle; includeInIndex = 0; path = WaterThePlantsTests.xctest; sourceTree = BUILT_PRODUCTS_DIR; };
		9397DFA6255718A80051BE06 /* WaterThePlantsTests.swift */ = {isa = PBXFileReference; lastKnownFileType = sourcecode.swift; path = WaterThePlantsTests.swift; sourceTree = "<group>"; };
		9397DFA8255718A80051BE06 /* Info.plist */ = {isa = PBXFileReference; lastKnownFileType = text.plist.xml; path = Info.plist; sourceTree = "<group>"; };
		9397DFAD255718A80051BE06 /* WaterThePlantsUITests.xctest */ = {isa = PBXFileReference; explicitFileType = wrapper.cfbundle; includeInIndex = 0; path = WaterThePlantsUITests.xctest; sourceTree = BUILT_PRODUCTS_DIR; };
		9397DFB1255718A80051BE06 /* WaterThePlantsUITests.swift */ = {isa = PBXFileReference; lastKnownFileType = sourcecode.swift; path = WaterThePlantsUITests.swift; sourceTree = "<group>"; };
		9397DFB3255718A80051BE06 /* Info.plist */ = {isa = PBXFileReference; lastKnownFileType = text.plist.xml; path = Info.plist; sourceTree = "<group>"; };
		9397DFC825571E170051BE06 /* Task+CoreDataClass.swift */ = {isa = PBXFileReference; lastKnownFileType = sourcecode.swift; path = "Task+CoreDataClass.swift"; sourceTree = "<group>"; };
		9397DFC925571E170051BE06 /* Task+CoreDataProperties.swift */ = {isa = PBXFileReference; lastKnownFileType = sourcecode.swift; path = "Task+CoreDataProperties.swift"; sourceTree = "<group>"; };
		9397DFDA25571EF90051BE06 /* TaskStatus.swift */ = {isa = PBXFileReference; lastKnownFileType = sourcecode.swift; path = TaskStatus.swift; sourceTree = "<group>"; };
		9397DFE225571F350051BE06 /* RepetitionStatus.swift */ = {isa = PBXFileReference; lastKnownFileType = sourcecode.swift; path = RepetitionStatus.swift; sourceTree = "<group>"; };
		9397DFE725571FC60051BE06 /* TimeInterval.swift */ = {isa = PBXFileReference; lastKnownFileType = sourcecode.swift; path = TimeInterval.swift; sourceTree = "<group>"; };
		9397DFEC25571FE40051BE06 /* Date.swift */ = {isa = PBXFileReference; lastKnownFileType = sourcecode.swift; path = Date.swift; sourceTree = "<group>"; };
		9397DFF12557285D0051BE06 /* DueType.swift */ = {isa = PBXFileReference; lastKnownFileType = sourcecode.swift; path = DueType.swift; sourceTree = "<group>"; };
		9397DFF6255728770051BE06 /* TimePart.swift */ = {isa = PBXFileReference; lastKnownFileType = sourcecode.swift; path = TimePart.swift; sourceTree = "<group>"; };
		9397E0092557FFC30051BE06 /* TaskError.swift */ = {isa = PBXFileReference; lastKnownFileType = sourcecode.swift; path = TaskError.swift; sourceTree = "<group>"; };
		9397E00E25580E8C0051BE06 /* WaterThePlants.entitlements */ = {isa = PBXFileReference; lastKnownFileType = text.plist.entitlements; path = WaterThePlants.entitlements; sourceTree = "<group>"; };
		9397E01325580E950051BE06 /* CloudKit.framework */ = {isa = PBXFileReference; lastKnownFileType = wrapper.framework; name = CloudKit.framework; path = System/Library/Frameworks/CloudKit.framework; sourceTree = SDKROOT; };
		9397E01E255861720051BE06 /* ProgressBar.swift */ = {isa = PBXFileReference; lastKnownFileType = sourcecode.swift; path = ProgressBar.swift; sourceTree = "<group>"; };
		9397E023255861E80051BE06 /* ProgressView.swift */ = {isa = PBXFileReference; lastKnownFileType = sourcecode.swift; path = ProgressView.swift; sourceTree = "<group>"; };
		9397E02B255862500051BE06 /* TaskControls.swift */ = {isa = PBXFileReference; lastKnownFileType = sourcecode.swift; path = TaskControls.swift; sourceTree = "<group>"; };
		9397E030255869E20051BE06 /* ProgressText.swift */ = {isa = PBXFileReference; lastKnownFileType = sourcecode.swift; path = ProgressText.swift; sourceTree = "<group>"; };
		939F50C7257AAF4F001B31AB /* FilteredGrid.swift */ = {isa = PBXFileReference; lastKnownFileType = sourcecode.swift; path = FilteredGrid.swift; sourceTree = "<group>"; };
		939F50CC257AC26B001B31AB /* DayView.swift */ = {isa = PBXFileReference; lastKnownFileType = sourcecode.swift; path = DayView.swift; sourceTree = "<group>"; };
/* End PBXFileReference section */

/* Begin PBXFrameworksBuildPhase section */
		9397DF89255718A50051BE06 /* Frameworks */ = {
			isa = PBXFrameworksBuildPhase;
			buildActionMask = 2147483647;
			files = (
				9397E01425580E950051BE06 /* CloudKit.framework in Frameworks */,
			);
			runOnlyForDeploymentPostprocessing = 0;
		};
		9397DF9F255718A80051BE06 /* Frameworks */ = {
			isa = PBXFrameworksBuildPhase;
			buildActionMask = 2147483647;
			files = (
			);
			runOnlyForDeploymentPostprocessing = 0;
		};
		9397DFAA255718A80051BE06 /* Frameworks */ = {
			isa = PBXFrameworksBuildPhase;
			buildActionMask = 2147483647;
			files = (
			);
			runOnlyForDeploymentPostprocessing = 0;
		};
/* End PBXFrameworksBuildPhase section */

/* Begin PBXGroup section */
		9397DF83255718A50051BE06 = {
			isa = PBXGroup;
			children = (
				9397DF8E255718A50051BE06 /* WaterThePlants */,
				9397DFA5255718A80051BE06 /* WaterThePlantsTests */,
				9397DFB0255718A80051BE06 /* WaterThePlantsUITests */,
				9397DF8D255718A50051BE06 /* Products */,
				9397E01225580E950051BE06 /* Frameworks */,
			);
			sourceTree = "<group>";
		};
		9397DF8D255718A50051BE06 /* Products */ = {
			isa = PBXGroup;
			children = (
				9397DF8C255718A50051BE06 /* WaterThePlants.app */,
				9397DFA2255718A80051BE06 /* WaterThePlantsTests.xctest */,
				9397DFAD255718A80051BE06 /* WaterThePlantsUITests.xctest */,
			);
			name = Products;
			sourceTree = "<group>";
		};
		9397DF8E255718A50051BE06 /* WaterThePlants */ = {
			isa = PBXGroup;
			children = (
				9397E00E25580E8C0051BE06 /* WaterThePlants.entitlements */,
				9397DF9D255718A80051BE06 /* Info.plist */,
				9397DFD725571E660051BE06 /* Controller */,
				9397DFD625571E480051BE06 /* Views */,
				9397DFCF25571E240051BE06 /* Model */,
				9397DF93255718A80051BE06 /* Assets.xcassets */,
				9397DF95255718A80051BE06 /* Preview Content */,
			);
			path = WaterThePlants;
			sourceTree = "<group>";
		};
		9397DF95255718A80051BE06 /* Preview Content */ = {
			isa = PBXGroup;
			children = (
				9397DF96255718A80051BE06 /* Preview Assets.xcassets */,
			);
			path = "Preview Content";
			sourceTree = "<group>";
		};
		9397DFA5255718A80051BE06 /* WaterThePlantsTests */ = {
			isa = PBXGroup;
			children = (
				9397DFA6255718A80051BE06 /* WaterThePlantsTests.swift */,
				9397DFA8255718A80051BE06 /* Info.plist */,
			);
			path = WaterThePlantsTests;
			sourceTree = "<group>";
		};
		9397DFB0255718A80051BE06 /* WaterThePlantsUITests */ = {
			isa = PBXGroup;
			children = (
				9397DFB1255718A80051BE06 /* WaterThePlantsUITests.swift */,
				9397DFB3255718A80051BE06 /* Info.plist */,
			);
			path = WaterThePlantsUITests;
			sourceTree = "<group>";
		};
		9397DFCF25571E240051BE06 /* Model */ = {
			isa = PBXGroup;
			children = (
				9397DF9A255718A80051BE06 /* WaterThePlants.xcdatamodeld */,
				9397DFD925571ED80051BE06 /* enums */,
				9397DFC825571E170051BE06 /* Task+CoreDataClass.swift */,
				9397DFC925571E170051BE06 /* Task+CoreDataProperties.swift */,
				9397DFE725571FC60051BE06 /* TimeInterval.swift */,
				9397DFEC25571FE40051BE06 /* Date.swift */,
				9394E440256ED26400CB8328 /* TaskViewData.swift */,
			);
			path = Model;
			sourceTree = "<group>";
		};
		9397DFD625571E480051BE06 /* Views */ = {
			isa = PBXGroup;
			children = (
				9397DF91255718A50051BE06 /* ContentView.swift */,
				9394E40F2563056F00CB8328 /* FilteredList.swift */,
				939F50C7257AAF4F001B31AB /* FilteredGrid.swift */,
				9394E43B256D91AE00CB8328 /* EditView.swift */,
				9397E01E255861720051BE06 /* ProgressBar.swift */,
				9397E023255861E80051BE06 /* ProgressView.swift */,
				9397E030255869E20051BE06 /* ProgressText.swift */,
				9397E02B255862500051BE06 /* TaskControls.swift */,
				9394E4142566F70700CB8328 /* CompletionsView.swift */,
				939F50CC257AC26B001B31AB /* DayView.swift */,
			);
			path = Views;
			sourceTree = "<group>";
		};
		9397DFD725571E660051BE06 /* Controller */ = {
			isa = PBXGroup;
			children = (
				9397DF98255718A80051BE06 /* Persistence.swift */,
				9397DF8F255718A50051BE06 /* WaterThePlantsApp.swift */,
			);
			path = Controller;
			sourceTree = "<group>";
		};
		9397DFD925571ED80051BE06 /* enums */ = {
			isa = PBXGroup;
			children = (
				9397DFDA25571EF90051BE06 /* TaskStatus.swift */,
				9397DFE225571F350051BE06 /* RepetitionStatus.swift */,
				9397DFF12557285D0051BE06 /* DueType.swift */,
				9397DFF6255728770051BE06 /* TimePart.swift */,
				9397E0092557FFC30051BE06 /* TaskError.swift */,
			);
			path = enums;
			sourceTree = "<group>";
		};
		9397E01225580E950051BE06 /* Frameworks */ = {
			isa = PBXGroup;
			children = (
				9397E01325580E950051BE06 /* CloudKit.framework */,
			);
			name = Frameworks;
			sourceTree = "<group>";
		};
/* End PBXGroup section */

/* Begin PBXNativeTarget section */
		9397DF8B255718A50051BE06 /* WaterThePlants */ = {
			isa = PBXNativeTarget;
			buildConfigurationList = 9397DFB6255718A80051BE06 /* Build configuration list for PBXNativeTarget "WaterThePlants" */;
			buildPhases = (
				9397DF88255718A50051BE06 /* Sources */,
				9397DF89255718A50051BE06 /* Frameworks */,
				9397DF8A255718A50051BE06 /* Resources */,
			);
			buildRules = (
			);
			dependencies = (
			);
			name = WaterThePlants;
			productName = WaterThePlants;
			productReference = 9397DF8C255718A50051BE06 /* WaterThePlants.app */;
			productType = "com.apple.product-type.application";
		};
		9397DFA1255718A80051BE06 /* WaterThePlantsTests */ = {
			isa = PBXNativeTarget;
			buildConfigurationList = 9397DFB9255718A80051BE06 /* Build configuration list for PBXNativeTarget "WaterThePlantsTests" */;
			buildPhases = (
				9397DF9E255718A80051BE06 /* Sources */,
				9397DF9F255718A80051BE06 /* Frameworks */,
				9397DFA0255718A80051BE06 /* Resources */,
			);
			buildRules = (
			);
			dependencies = (
				9397DFA4255718A80051BE06 /* PBXTargetDependency */,
			);
			name = WaterThePlantsTests;
			productName = WaterThePlantsTests;
			productReference = 9397DFA2255718A80051BE06 /* WaterThePlantsTests.xctest */;
			productType = "com.apple.product-type.bundle.unit-test";
		};
		9397DFAC255718A80051BE06 /* WaterThePlantsUITests */ = {
			isa = PBXNativeTarget;
			buildConfigurationList = 9397DFBC255718A80051BE06 /* Build configuration list for PBXNativeTarget "WaterThePlantsUITests" */;
			buildPhases = (
				9397DFA9255718A80051BE06 /* Sources */,
				9397DFAA255718A80051BE06 /* Frameworks */,
				9397DFAB255718A80051BE06 /* Resources */,
			);
			buildRules = (
			);
			dependencies = (
				9397DFAF255718A80051BE06 /* PBXTargetDependency */,
			);
			name = WaterThePlantsUITests;
			productName = WaterThePlantsUITests;
			productReference = 9397DFAD255718A80051BE06 /* WaterThePlantsUITests.xctest */;
			productType = "com.apple.product-type.bundle.ui-testing";
		};
/* End PBXNativeTarget section */

/* Begin PBXProject section */
		9397DF84255718A50051BE06 /* Project object */ = {
			isa = PBXProject;
			attributes = {
				LastSwiftUpdateCheck = 1210;
				LastUpgradeCheck = 1210;
				TargetAttributes = {
					9397DF8B255718A50051BE06 = {
						CreatedOnToolsVersion = 12.1;
					};
					9397DFA1255718A80051BE06 = {
						CreatedOnToolsVersion = 12.1;
						TestTargetID = 9397DF8B255718A50051BE06;
					};
					9397DFAC255718A80051BE06 = {
						CreatedOnToolsVersion = 12.1;
						TestTargetID = 9397DF8B255718A50051BE06;
					};
				};
			};
			buildConfigurationList = 9397DF87255718A50051BE06 /* Build configuration list for PBXProject "WaterThePlants" */;
			compatibilityVersion = "Xcode 9.3";
			developmentRegion = en;
			hasScannedForEncodings = 0;
			knownRegions = (
				en,
				Base,
			);
			mainGroup = 9397DF83255718A50051BE06;
			productRefGroup = 9397DF8D255718A50051BE06 /* Products */;
			projectDirPath = "";
			projectRoot = "";
			targets = (
				9397DF8B255718A50051BE06 /* WaterThePlants */,
				9397DFA1255718A80051BE06 /* WaterThePlantsTests */,
				9397DFAC255718A80051BE06 /* WaterThePlantsUITests */,
			);
		};
/* End PBXProject section */

/* Begin PBXResourcesBuildPhase section */
		9397DF8A255718A50051BE06 /* Resources */ = {
			isa = PBXResourcesBuildPhase;
			buildActionMask = 2147483647;
			files = (
				9397DF97255718A80051BE06 /* Preview Assets.xcassets in Resources */,
				9397DF94255718A80051BE06 /* Assets.xcassets in Resources */,
			);
			runOnlyForDeploymentPostprocessing = 0;
		};
		9397DFA0255718A80051BE06 /* Resources */ = {
			isa = PBXResourcesBuildPhase;
			buildActionMask = 2147483647;
			files = (
			);
			runOnlyForDeploymentPostprocessing = 0;
		};
		9397DFAB255718A80051BE06 /* Resources */ = {
			isa = PBXResourcesBuildPhase;
			buildActionMask = 2147483647;
			files = (
			);
			runOnlyForDeploymentPostprocessing = 0;
		};
/* End PBXResourcesBuildPhase section */

/* Begin PBXSourcesBuildPhase section */
		9397DF88255718A50051BE06 /* Sources */ = {
			isa = PBXSourcesBuildPhase;
			buildActionMask = 2147483647;
			files = (
				9397DFE325571F350051BE06 /* RepetitionStatus.swift in Sources */,
				9397E01F255861720051BE06 /* ProgressBar.swift in Sources */,
				9397DFED25571FE40051BE06 /* Date.swift in Sources */,
				939F50CD257AC26B001B31AB /* DayView.swift in Sources */,
				9397E00A2557FFC30051BE06 /* TaskError.swift in Sources */,
				9394E4152566F70700CB8328 /* CompletionsView.swift in Sources */,
				9397DFE825571FC60051BE06 /* TimeInterval.swift in Sources */,
				9397DFF7255728770051BE06 /* TimePart.swift in Sources */,
				9397DF99255718A80051BE06 /* Persistence.swift in Sources */,
				9397DFCA25571E170051BE06 /* Task+CoreDataClass.swift in Sources */,
				9397DF9C255718A80051BE06 /* WaterThePlants.xcdatamodeld in Sources */,
				9394E43C256D91AE00CB8328 /* EditView.swift in Sources */,
				9397DFDB25571EF90051BE06 /* TaskStatus.swift in Sources */,
				939F50C8257AAF4F001B31AB /* FilteredGrid.swift in Sources */,
				9394E4102563056F00CB8328 /* FilteredList.swift in Sources */,
				9397DFF22557285D0051BE06 /* DueType.swift in Sources */,
				9394E441256ED26400CB8328 /* TaskViewData.swift in Sources */,
				9397DF92255718A50051BE06 /* ContentView.swift in Sources */,
				9397E024255861E80051BE06 /* ProgressView.swift in Sources */,
				9397DFCB25571E170051BE06 /* Task+CoreDataProperties.swift in Sources */,
				9397E02C255862500051BE06 /* TaskControls.swift in Sources */,
				9397DF90255718A50051BE06 /* WaterThePlantsApp.swift in Sources */,
				9397E031255869E20051BE06 /* ProgressText.swift in Sources */,
			);
			runOnlyForDeploymentPostprocessing = 0;
		};
		9397DF9E255718A80051BE06 /* Sources */ = {
			isa = PBXSourcesBuildPhase;
			buildActionMask = 2147483647;
			files = (
				9397DFA7255718A80051BE06 /* WaterThePlantsTests.swift in Sources */,
			);
			runOnlyForDeploymentPostprocessing = 0;
		};
		9397DFA9255718A80051BE06 /* Sources */ = {
			isa = PBXSourcesBuildPhase;
			buildActionMask = 2147483647;
			files = (
				9397DFB2255718A80051BE06 /* WaterThePlantsUITests.swift in Sources */,
			);
			runOnlyForDeploymentPostprocessing = 0;
		};
/* End PBXSourcesBuildPhase section */

/* Begin PBXTargetDependency section */
		9397DFA4255718A80051BE06 /* PBXTargetDependency */ = {
			isa = PBXTargetDependency;
			target = 9397DF8B255718A50051BE06 /* WaterThePlants */;
			targetProxy = 9397DFA3255718A80051BE06 /* PBXContainerItemProxy */;
		};
		9397DFAF255718A80051BE06 /* PBXTargetDependency */ = {
			isa = PBXTargetDependency;
			target = 9397DF8B255718A50051BE06 /* WaterThePlants */;
			targetProxy = 9397DFAE255718A80051BE06 /* PBXContainerItemProxy */;
		};
/* End PBXTargetDependency section */

/* Begin XCBuildConfiguration section */
		9397DFB4255718A80051BE06 /* Debug */ = {
			isa = XCBuildConfiguration;
			buildSettings = {
				ALWAYS_SEARCH_USER_PATHS = NO;
				CLANG_ANALYZER_NONNULL = YES;
				CLANG_ANALYZER_NUMBER_OBJECT_CONVERSION = YES_AGGRESSIVE;
				CLANG_CXX_LANGUAGE_STANDARD = "gnu++14";
				CLANG_CXX_LIBRARY = "libc++";
				CLANG_ENABLE_MODULES = YES;
				CLANG_ENABLE_OBJC_ARC = YES;
				CLANG_ENABLE_OBJC_WEAK = YES;
				CLANG_WARN_BLOCK_CAPTURE_AUTORELEASING = YES;
				CLANG_WARN_BOOL_CONVERSION = YES;
				CLANG_WARN_COMMA = YES;
				CLANG_WARN_CONSTANT_CONVERSION = YES;
				CLANG_WARN_DEPRECATED_OBJC_IMPLEMENTATIONS = YES;
				CLANG_WARN_DIRECT_OBJC_ISA_USAGE = YES_ERROR;
				CLANG_WARN_DOCUMENTATION_COMMENTS = YES;
				CLANG_WARN_EMPTY_BODY = YES;
				CLANG_WARN_ENUM_CONVERSION = YES;
				CLANG_WARN_INFINITE_RECURSION = YES;
				CLANG_WARN_INT_CONVERSION = YES;
				CLANG_WARN_NON_LITERAL_NULL_CONVERSION = YES;
				CLANG_WARN_OBJC_IMPLICIT_RETAIN_SELF = YES;
				CLANG_WARN_OBJC_LITERAL_CONVERSION = YES;
				CLANG_WARN_OBJC_ROOT_CLASS = YES_ERROR;
				CLANG_WARN_QUOTED_INCLUDE_IN_FRAMEWORK_HEADER = YES;
				CLANG_WARN_RANGE_LOOP_ANALYSIS = YES;
				CLANG_WARN_STRICT_PROTOTYPES = YES;
				CLANG_WARN_SUSPICIOUS_MOVE = YES;
				CLANG_WARN_UNGUARDED_AVAILABILITY = YES_AGGRESSIVE;
				CLANG_WARN_UNREACHABLE_CODE = YES;
				CLANG_WARN__DUPLICATE_METHOD_MATCH = YES;
				COPY_PHASE_STRIP = NO;
				DEBUG_INFORMATION_FORMAT = dwarf;
				ENABLE_STRICT_OBJC_MSGSEND = YES;
				ENABLE_TESTABILITY = YES;
				GCC_C_LANGUAGE_STANDARD = gnu11;
				GCC_DYNAMIC_NO_PIC = NO;
				GCC_NO_COMMON_BLOCKS = YES;
				GCC_OPTIMIZATION_LEVEL = 0;
				GCC_PREPROCESSOR_DEFINITIONS = (
					"DEBUG=1",
					"$(inherited)",
				);
				GCC_WARN_64_TO_32_BIT_CONVERSION = YES;
				GCC_WARN_ABOUT_RETURN_TYPE = YES_ERROR;
				GCC_WARN_UNDECLARED_SELECTOR = YES;
				GCC_WARN_UNINITIALIZED_AUTOS = YES_AGGRESSIVE;
				GCC_WARN_UNUSED_FUNCTION = YES;
				GCC_WARN_UNUSED_VARIABLE = YES;
				IPHONEOS_DEPLOYMENT_TARGET = 14.1;
				MTL_ENABLE_DEBUG_INFO = INCLUDE_SOURCE;
				MTL_FAST_MATH = YES;
				ONLY_ACTIVE_ARCH = YES;
				SDKROOT = iphoneos;
				SWIFT_ACTIVE_COMPILATION_CONDITIONS = DEBUG;
				SWIFT_OPTIMIZATION_LEVEL = "-Onone";
			};
			name = Debug;
		};
		9397DFB5255718A80051BE06 /* Release */ = {
			isa = XCBuildConfiguration;
			buildSettings = {
				ALWAYS_SEARCH_USER_PATHS = NO;
				CLANG_ANALYZER_NONNULL = YES;
				CLANG_ANALYZER_NUMBER_OBJECT_CONVERSION = YES_AGGRESSIVE;
				CLANG_CXX_LANGUAGE_STANDARD = "gnu++14";
				CLANG_CXX_LIBRARY = "libc++";
				CLANG_ENABLE_MODULES = YES;
				CLANG_ENABLE_OBJC_ARC = YES;
				CLANG_ENABLE_OBJC_WEAK = YES;
				CLANG_WARN_BLOCK_CAPTURE_AUTORELEASING = YES;
				CLANG_WARN_BOOL_CONVERSION = YES;
				CLANG_WARN_COMMA = YES;
				CLANG_WARN_CONSTANT_CONVERSION = YES;
				CLANG_WARN_DEPRECATED_OBJC_IMPLEMENTATIONS = YES;
				CLANG_WARN_DIRECT_OBJC_ISA_USAGE = YES_ERROR;
				CLANG_WARN_DOCUMENTATION_COMMENTS = YES;
				CLANG_WARN_EMPTY_BODY = YES;
				CLANG_WARN_ENUM_CONVERSION = YES;
				CLANG_WARN_INFINITE_RECURSION = YES;
				CLANG_WARN_INT_CONVERSION = YES;
				CLANG_WARN_NON_LITERAL_NULL_CONVERSION = YES;
				CLANG_WARN_OBJC_IMPLICIT_RETAIN_SELF = YES;
				CLANG_WARN_OBJC_LITERAL_CONVERSION = YES;
				CLANG_WARN_OBJC_ROOT_CLASS = YES_ERROR;
				CLANG_WARN_QUOTED_INCLUDE_IN_FRAMEWORK_HEADER = YES;
				CLANG_WARN_RANGE_LOOP_ANALYSIS = YES;
				CLANG_WARN_STRICT_PROTOTYPES = YES;
				CLANG_WARN_SUSPICIOUS_MOVE = YES;
				CLANG_WARN_UNGUARDED_AVAILABILITY = YES_AGGRESSIVE;
				CLANG_WARN_UNREACHABLE_CODE = YES;
				CLANG_WARN__DUPLICATE_METHOD_MATCH = YES;
				COPY_PHASE_STRIP = NO;
				DEBUG_INFORMATION_FORMAT = "dwarf-with-dsym";
				ENABLE_NS_ASSERTIONS = NO;
				ENABLE_STRICT_OBJC_MSGSEND = YES;
				GCC_C_LANGUAGE_STANDARD = gnu11;
				GCC_NO_COMMON_BLOCKS = YES;
				GCC_WARN_64_TO_32_BIT_CONVERSION = YES;
				GCC_WARN_ABOUT_RETURN_TYPE = YES_ERROR;
				GCC_WARN_UNDECLARED_SELECTOR = YES;
				GCC_WARN_UNINITIALIZED_AUTOS = YES_AGGRESSIVE;
				GCC_WARN_UNUSED_FUNCTION = YES;
				GCC_WARN_UNUSED_VARIABLE = YES;
				IPHONEOS_DEPLOYMENT_TARGET = 14.1;
				MTL_ENABLE_DEBUG_INFO = NO;
				MTL_FAST_MATH = YES;
				SDKROOT = iphoneos;
				SWIFT_COMPILATION_MODE = wholemodule;
				SWIFT_OPTIMIZATION_LEVEL = "-O";
				VALIDATE_PRODUCT = YES;
			};
			name = Release;
		};
		9397DFB7255718A80051BE06 /* Debug */ = {
			isa = XCBuildConfiguration;
			buildSettings = {
				ASSETCATALOG_COMPILER_APPICON_NAME = AppIcon;
				ASSETCATALOG_COMPILER_GLOBAL_ACCENT_COLOR_NAME = AccentColor;
				CODE_SIGN_ENTITLEMENTS = WaterThePlants/WaterThePlants.entitlements;
				CODE_SIGN_STYLE = Automatic;
				DEVELOPMENT_ASSET_PATHS = "\"WaterThePlants/Preview Content\"";
				DEVELOPMENT_TEAM = KQFV358W5W;
				ENABLE_PREVIEWS = YES;
				INFOPLIST_FILE = WaterThePlants/Info.plist;
				IPHONEOS_DEPLOYMENT_TARGET = 14.0;
				LD_RUNPATH_SEARCH_PATHS = (
					"$(inherited)",
					"@executable_path/Frameworks",
				);
				PRODUCT_BUNDLE_IDENTIFIER = oli.harvey.WaterThePlants;
				PRODUCT_NAME = "$(TARGET_NAME)";
				SWIFT_VERSION = 5.0;
				TARGETED_DEVICE_FAMILY = "1,2";
			};
			name = Debug;
		};
		9397DFB8255718A80051BE06 /* Release */ = {
			isa = XCBuildConfiguration;
			buildSettings = {
				ASSETCATALOG_COMPILER_APPICON_NAME = AppIcon;
				ASSETCATALOG_COMPILER_GLOBAL_ACCENT_COLOR_NAME = AccentColor;
				CODE_SIGN_ENTITLEMENTS = WaterThePlants/WaterThePlants.entitlements;
				CODE_SIGN_STYLE = Automatic;
				DEVELOPMENT_ASSET_PATHS = "\"WaterThePlants/Preview Content\"";
				DEVELOPMENT_TEAM = KQFV358W5W;
				ENABLE_PREVIEWS = YES;
				INFOPLIST_FILE = WaterThePlants/Info.plist;
				IPHONEOS_DEPLOYMENT_TARGET = 14.0;
				LD_RUNPATH_SEARCH_PATHS = (
					"$(inherited)",
					"@executable_path/Frameworks",
				);
				PRODUCT_BUNDLE_IDENTIFIER = oli.harvey.WaterThePlants;
				PRODUCT_NAME = "$(TARGET_NAME)";
				SWIFT_VERSION = 5.0;
				TARGETED_DEVICE_FAMILY = "1,2";
			};
			name = Release;
		};
		9397DFBA255718A80051BE06 /* Debug */ = {
			isa = XCBuildConfiguration;
			buildSettings = {
				ALWAYS_EMBED_SWIFT_STANDARD_LIBRARIES = YES;
				BUNDLE_LOADER = "$(TEST_HOST)";
				CODE_SIGN_STYLE = Automatic;
				DEVELOPMENT_TEAM = KQFV358W5W;
				INFOPLIST_FILE = WaterThePlantsTests/Info.plist;
				IPHONEOS_DEPLOYMENT_TARGET = 14.0;
				LD_RUNPATH_SEARCH_PATHS = (
					"$(inherited)",
					"@executable_path/Frameworks",
					"@loader_path/Frameworks",
				);
				PRODUCT_BUNDLE_IDENTIFIER = oli.harvey.WaterThePlantsTests;
				PRODUCT_NAME = "$(TARGET_NAME)";
				SWIFT_VERSION = 5.0;
				TARGETED_DEVICE_FAMILY = "1,2";
				TEST_HOST = "$(BUILT_PRODUCTS_DIR)/WaterThePlants.app/WaterThePlants";
			};
			name = Debug;
		};
		9397DFBB255718A80051BE06 /* Release */ = {
			isa = XCBuildConfiguration;
			buildSettings = {
				ALWAYS_EMBED_SWIFT_STANDARD_LIBRARIES = YES;
				BUNDLE_LOADER = "$(TEST_HOST)";
				CODE_SIGN_STYLE = Automatic;
				DEVELOPMENT_TEAM = KQFV358W5W;
				INFOPLIST_FILE = WaterThePlantsTests/Info.plist;
				IPHONEOS_DEPLOYMENT_TARGET = 14.0;
				LD_RUNPATH_SEARCH_PATHS = (
					"$(inherited)",
					"@executable_path/Frameworks",
					"@loader_path/Frameworks",
				);
				PRODUCT_BUNDLE_IDENTIFIER = oli.harvey.WaterThePlantsTests;
				PRODUCT_NAME = "$(TARGET_NAME)";
				SWIFT_VERSION = 5.0;
				TARGETED_DEVICE_FAMILY = "1,2";
				TEST_HOST = "$(BUILT_PRODUCTS_DIR)/WaterThePlants.app/WaterThePlants";
			};
			name = Release;
		};
		9397DFBD255718A80051BE06 /* Debug */ = {
			isa = XCBuildConfiguration;
			buildSettings = {
				ALWAYS_EMBED_SWIFT_STANDARD_LIBRARIES = YES;
				CODE_SIGN_STYLE = Automatic;
				DEVELOPMENT_TEAM = KQFV358W5W;
				INFOPLIST_FILE = WaterThePlantsUITests/Info.plist;
				LD_RUNPATH_SEARCH_PATHS = (
					"$(inherited)",
					"@executable_path/Frameworks",
					"@loader_path/Frameworks",
				);
				PRODUCT_BUNDLE_IDENTIFIER = oli.harvey.WaterThePlantsUITests;
				PRODUCT_NAME = "$(TARGET_NAME)";
				SWIFT_VERSION = 5.0;
				TARGETED_DEVICE_FAMILY = "1,2";
				TEST_TARGET_NAME = WaterThePlants;
			};
			name = Debug;
		};
		9397DFBE255718A80051BE06 /* Release */ = {
			isa = XCBuildConfiguration;
			buildSettings = {
				ALWAYS_EMBED_SWIFT_STANDARD_LIBRARIES = YES;
				CODE_SIGN_STYLE = Automatic;
				DEVELOPMENT_TEAM = KQFV358W5W;
				INFOPLIST_FILE = WaterThePlantsUITests/Info.plist;
				LD_RUNPATH_SEARCH_PATHS = (
					"$(inherited)",
					"@executable_path/Frameworks",
					"@loader_path/Frameworks",
				);
				PRODUCT_BUNDLE_IDENTIFIER = oli.harvey.WaterThePlantsUITests;
				PRODUCT_NAME = "$(TARGET_NAME)";
				SWIFT_VERSION = 5.0;
				TARGETED_DEVICE_FAMILY = "1,2";
				TEST_TARGET_NAME = WaterThePlants;
			};
			name = Release;
		};
/* End XCBuildConfiguration section */

/* Begin XCConfigurationList section */
		9397DF87255718A50051BE06 /* Build configuration list for PBXProject "WaterThePlants" */ = {
			isa = XCConfigurationList;
			buildConfigurations = (
				9397DFB4255718A80051BE06 /* Debug */,
				9397DFB5255718A80051BE06 /* Release */,
			);
			defaultConfigurationIsVisible = 0;
			defaultConfigurationName = Release;
		};
		9397DFB6255718A80051BE06 /* Build configuration list for PBXNativeTarget "WaterThePlants" */ = {
			isa = XCConfigurationList;
			buildConfigurations = (
				9397DFB7255718A80051BE06 /* Debug */,
				9397DFB8255718A80051BE06 /* Release */,
			);
			defaultConfigurationIsVisible = 0;
			defaultConfigurationName = Release;
		};
		9397DFB9255718A80051BE06 /* Build configuration list for PBXNativeTarget "WaterThePlantsTests" */ = {
			isa = XCConfigurationList;
			buildConfigurations = (
				9397DFBA255718A80051BE06 /* Debug */,
				9397DFBB255718A80051BE06 /* Release */,
			);
			defaultConfigurationIsVisible = 0;
			defaultConfigurationName = Release;
		};
		9397DFBC255718A80051BE06 /* Build configuration list for PBXNativeTarget "WaterThePlantsUITests" */ = {
			isa = XCConfigurationList;
			buildConfigurations = (
				9397DFBD255718A80051BE06 /* Debug */,
				9397DFBE255718A80051BE06 /* Release */,
			);
			defaultConfigurationIsVisible = 0;
			defaultConfigurationName = Release;
		};
/* End XCConfigurationList section */

/* Begin XCVersionGroup section */
		9397DF9A255718A80051BE06 /* WaterThePlants.xcdatamodeld */ = {
			isa = XCVersionGroup;
			children = (
				9397DF9B255718A80051BE06 /* WaterThePlants.xcdatamodel */,
			);
			currentVersion = 9397DF9B255718A80051BE06 /* WaterThePlants.xcdatamodel */;
			path = WaterThePlants.xcdatamodeld;
			sourceTree = "<group>";
			versionGroupType = wrapper.xcdatamodel;
		};
/* End XCVersionGroup section */
	};
	rootObject = 9397DF84255718A50051BE06 /* Project object */;
}
